
Microsoft Visual Studio Solution File, Format Version 12.00
# Visual Studio Version 17
VisualStudioVersion = 17.9.34728.123
MinimumVisualStudioVersion = 10.0.40219.1
Project("{9A19103F-16F7-4668-BE54-9A1E7A4F7556}") = "UI", "UI\UI.csproj", "{D4B0B053-D3F4-41C7-8BA9-C45177247932}"
EndProject
Project("{9A19103F-16F7-4668-BE54-9A1E7A4F7556}") = "Entity", "Entity\Entity.csproj", "{8473E385-5D04-46BD-8948-4AD334A5D679}"
EndProject
Project("{9A19103F-16F7-4668-BE54-9A1E7A4F7556}") = "DataAccess", "DataAccess\DataAccess.csproj", "{760B8CF9-7820-4446-A93E-572452F5B814}"
EndProject
Project("{9A19103F-16F7-4668-BE54-9A1E7A4F7556}") = "Business", "Business\Business.csproj", "{DAA2832C-D698-409C-9451-B728EE838682}"
EndProject
Project("{FAE04EC0-301F-11D3-BF4B-00C04F79EFBC}") = "API", "API\API.csproj", "{53806039-E8EF-43DE-928C-99EE15E32542}"
EndProject
Global
	GlobalSection(SolutionConfigurationPlatforms) = preSolution
		Debug|Any CPU = Debug|Any CPU
		Release|Any CPU = Release|Any CPU
	EndGlobalSection
	GlobalSection(ProjectConfigurationPlatforms) = postSolution
		{D4B0B053-D3F4-41C7-8BA9-C45177247932}.Debug|Any CPU.ActiveCfg = Debug|Any CPU
		{D4B0B053-D3F4-41C7-8BA9-C45177247932}.Debug|Any CPU.Build.0 = Debug|Any CPU
		{D4B0B053-D3F4-41C7-8BA9-C45177247932}.Release|Any CPU.ActiveCfg = Release|Any CPU
		{D4B0B053-D3F4-41C7-8BA9-C45177247932}.Release|Any CPU.Build.0 = Release|Any CPU
		{8473E385-5D04-46BD-8948-4AD334A5D679}.Debug|Any CPU.ActiveCfg = Debug|Any CPU
		{8473E385-5D04-46BD-8948-4AD334A5D679}.Debug|Any CPU.Build.0 = Debug|Any CPU
		{8473E385-5D04-46BD-8948-4AD334A5D679}.Release|Any CPU.ActiveCfg = Release|Any CPU
		{8473E385-5D04-46BD-8948-4AD334A5D679}.Release|Any CPU.Build.0 = Release|Any CPU
		{760B8CF9-7820-4446-A93E-572452F5B814}.Debug|Any CPU.ActiveCfg = Debug|Any CPU
		{760B8CF9-7820-4446-A93E-572452F5B814}.Debug|Any CPU.Build.0 = Debug|Any CPU
		{760B8CF9-7820-4446-A93E-572452F5B814}.Release|Any CPU.ActiveCfg = Release|Any CPU
		{760B8CF9-7820-4446-A93E-572452F5B814}.Release|Any CPU.Build.0 = Release|Any CPU
		{DAA2832C-D698-409C-9451-B728EE838682}.Debug|Any CPU.ActiveCfg = Debug|Any CPU
		{DAA2832C-D698-409C-9451-B728EE838682}.Debug|Any CPU.Build.0 = Debug|Any CPU
		{DAA2832C-D698-409C-9451-B728EE838682}.Release|Any CPU.ActiveCfg = Release|Any CPU
		{DAA2832C-D698-409C-9451-B728EE838682}.Release|Any CPU.Build.0 = Release|Any CPU
		{53806039-E8EF-43DE-928C-99EE15E32542}.Debug|Any CPU.ActiveCfg = Debug|Any CPU
		{53806039-E8EF-43DE-928C-99EE15E32542}.Debug|Any CPU.Build.0 = Debug|Any CPU
		{53806039-E8EF-43DE-928C-99EE15E32542}.Release|Any CPU.ActiveCfg = Release|Any CPU
		{53806039-E8EF-43DE-928C-99EE15E32542}.Release|Any CPU.Build.0 = Release|Any CPU
	EndGlobalSection
	GlobalSection(SolutionProperties) = preSolution
		HideSolutionNode = FALSE
	EndGlobalSection
	GlobalSection(ExtensibilityGlobals) = postSolution
		SolutionGuid = {47A85E0F-6154-407B-AA4B-CF33E9F29908}
	EndGlobalSection
EndGlobal
